{
  "originHash" : "a159def1cdcc4ca6da4fb32feb55a7194c0de2d9f49592d2b687da536832ddf1",
  "pins" : [
    {
      "identity" : "mermaidkit",
      "kind" : "remoteSourceControl",
      "location" : "https://github.com/clintecker/MermaidKit.git",
      "state" : {
        "revision" : "c01315b747fd1aa9ea8631eec9cc89b7bf3d7a31",
        "version" : "0.7.0"
      }
    },
    {
      "identity" : "swift-cmark",
      "kind" : "remoteSourceControl",
      "location" : "https://github.com/swiftlang/swift-cmark.git",
      "state" : {
        "revision" : "924936d0427cb25a61169739a7660230bffa6ea6",
        "version" : "0.8.0"
      }
    },
    {
      "identity" : "swift-markdown",
      "kind" : "remoteSourceControl",
      "location" : "https://github.com/swiftlang/swift-markdown.git",
      "state" : {
        "revision" : "3c6f9523da3a1ec2fd829673e472d95b8097a3b8",
        "version" : "0.8.0"
      }
    }
  ],
  "version" : 3
}
