{
  "originHash" : "d97d703aa41261639cdfe67ee78c0790f9f3c3f3b87cf9df374e51ee1dfe3106",
  "pins" : [
    {
      "identity" : "mermaidkit",
      "kind" : "remoteSourceControl",
      "location" : "https://github.com/clintecker/MermaidKit.git",
      "state" : {
        "revision" : "39fdc43bc811676b61770d0333826f784ed8e6cd",
        "version" : "0.8.0"
      }
    },
    {
      "identity" : "swift-cmark",
      "kind" : "remoteSourceControl",
      "location" : "https://github.com/swiftlang/swift-cmark.git",
      "state" : {
        "revision" : "924936d0427cb25a61169739a7660230bffa6ea6",
        "version" : "0.8.0"
      }
    },
    {
      "identity" : "swift-markdown",
      "kind" : "remoteSourceControl",
      "location" : "https://github.com/swiftlang/swift-markdown.git",
      "state" : {
        "revision" : "3c6f9523da3a1ec2fd829673e472d95b8097a3b8",
        "version" : "0.8.0"
      }
    }
  ],
  "version" : 3
}
