{
  "originHash" : "c8b6bb5f12ac2d866c7753abc506803756e0e019ab916b15aea4aefbb4f647cc",
  "pins" : [
    {
      "identity" : "mermaidkit",
      "kind" : "remoteSourceControl",
      "location" : "https://github.com/clintecker/MermaidKit.git",
      "state" : {
        "revision" : "9dd32a7f049e471c24a41079e4b4b79d9e9dda0f",
        "version" : "0.9.0"
      }
    },
    {
      "identity" : "swift-cmark",
      "kind" : "remoteSourceControl",
      "location" : "https://github.com/swiftlang/swift-cmark.git",
      "state" : {
        "revision" : "924936d0427cb25a61169739a7660230bffa6ea6",
        "version" : "0.8.0"
      }
    },
    {
      "identity" : "swift-markdown",
      "kind" : "remoteSourceControl",
      "location" : "https://github.com/swiftlang/swift-markdown.git",
      "state" : {
        "revision" : "3c6f9523da3a1ec2fd829673e472d95b8097a3b8",
        "version" : "0.8.0"
      }
    },
    {
      "identity" : "vinculum",
      "kind" : "remoteSourceControl",
      "location" : "https://github.com/clintecker/Vinculum.git",
      "state" : {
        "revision" : "d210348286c60d52c88a6979eae03f0fefbfe835",
        "version" : "0.23.0"
      }
    }
  ],
  "version" : 3
}
